
Microsoft Visual Studio Solution File, Format Version 12.00
# Visual Studio Version 17
VisualStudioVersion = 17.5.33424.131
MinimumVisualStudioVersion = 10.0.40219.1
Project("{9A19103F-16F7-4668-BE54-9A1E7A4F7556}") = "OnlineRentCar", "OnlineRentCar\OnlineRentCar.csproj", "{93D48E99-C049-4DD8-B7C6-DD17B27BA21D}"
EndProject
Global
	GlobalSection(SolutionConfigurationPlatforms) = preSolution
		Debug|Any CPU = Debug|Any CPU
		Release|Any CPU = Release|Any CPU
	EndGlobalSection
	GlobalSection(ProjectConfigurationPlatforms) = postSolution
		{93D48E99-C049-4DD8-B7C6-DD17B27BA21D}.Debug|Any CPU.ActiveCfg = Debug|Any CPU
		{93D48E99-C049-4DD8-B7C6-DD17B27BA21D}.Debug|Any CPU.Build.0 = Debug|Any CPU
		{93D48E99-C049-4DD8-B7C6-DD17B27BA21D}.Release|Any CPU.ActiveCfg = Release|Any CPU
		{93D48E99-C049-4DD8-B7C6-DD17B27BA21D}.Release|Any CPU.Build.0 = Release|Any CPU
	EndGlobalSection
	GlobalSection(SolutionProperties) = preSolution
		HideSolutionNode = FALSE
	EndGlobalSection
	GlobalSection(ExtensibilityGlobals) = postSolution
		SolutionGuid = {E2937242-C4CF-4EAD-9239-BB58D36531B6}
	EndGlobalSection
EndGlobal
